
Microsoft Visual Studio Solution File, Format Version 12.00
# Visual Studio 15
VisualStudioVersion = 15.0.28010.2050
MinimumVisualStudioVersion = 10.0.40219.1
Project("{9A19103F-16F7-4668-BE54-9A1E7A4F7556}") = "WAG.WebApp", "WAG WebApp\WAG.WebApp.csproj", "{AEE2D7C2-4451-46C9-A2A5-CDA0C91E1643}"
EndProject
Project("{9A19103F-16F7-4668-BE54-9A1E7A4F7556}") = "WAG.Data", "WAG.Data\WAG.Data.csproj", "{B6B3B180-4F97-4875-994D-717260E94D6B}"
EndProject
Project("{9A19103F-16F7-4668-BE54-9A1E7A4F7556}") = "WAG.Data.Models", "WAG.Data.Models\WAG.Data.Models.csproj", "{844FA41F-E298-4464-B355-CA77F25EAB38}"
EndProject
Project("{FAE04EC0-301F-11D3-BF4B-00C04F79EFBC}") = "WAG.ViewModels", "WAG.ViewModels\WAG.ViewModels.csproj", "{BF882D00-62A9-4DB5-AD7D-E9C25C07A431}"
EndProject
Project("{FAE04EC0-301F-11D3-BF4B-00C04F79EFBC}") = "WAG.Services", "WAG.Services\WAG.Services.csproj", "{C39C4E59-20E4-45DD-8B87-CF18032A7A9E}"
EndProject
Global
	GlobalSection(SolutionConfigurationPlatforms) = preSolution
		Debug|Any CPU = Debug|Any CPU
		Release|Any CPU = Release|Any CPU
	EndGlobalSection
	GlobalSection(ProjectConfigurationPlatforms) = postSolution
		{AEE2D7C2-4451-46C9-A2A5-CDA0C91E1643}.Debug|Any CPU.ActiveCfg = Debug|Any CPU
		{AEE2D7C2-4451-46C9-A2A5-CDA0C91E1643}.Debug|Any CPU.Build.0 = Debug|Any CPU
		{AEE2D7C2-4451-46C9-A2A5-CDA0C91E1643}.Release|Any CPU.ActiveCfg = Release|Any CPU
		{AEE2D7C2-4451-46C9-A2A5-CDA0C91E1643}.Release|Any CPU.Build.0 = Release|Any CPU
		{B6B3B180-4F97-4875-994D-717260E94D6B}.Debug|Any CPU.ActiveCfg = Debug|Any CPU
		{B6B3B180-4F97-4875-994D-717260E94D6B}.Debug|Any CPU.Build.0 = Debug|Any CPU
		{B6B3B180-4F97-4875-994D-717260E94D6B}.Release|Any CPU.ActiveCfg = Release|Any CPU
		{B6B3B180-4F97-4875-994D-717260E94D6B}.Release|Any CPU.Build.0 = Release|Any CPU
		{844FA41F-E298-4464-B355-CA77F25EAB38}.Debug|Any CPU.ActiveCfg = Debug|Any CPU
		{844FA41F-E298-4464-B355-CA77F25EAB38}.Debug|Any CPU.Build.0 = Debug|Any CPU
		{844FA41F-E298-4464-B355-CA77F25EAB38}.Release|Any CPU.ActiveCfg = Release|Any CPU
		{844FA41F-E298-4464-B355-CA77F25EAB38}.Release|Any CPU.Build.0 = Release|Any CPU
		{BF882D00-62A9-4DB5-AD7D-E9C25C07A431}.Debug|Any CPU.ActiveCfg = Debug|Any CPU
		{BF882D00-62A9-4DB5-AD7D-E9C25C07A431}.Debug|Any CPU.Build.0 = Debug|Any CPU
		{BF882D00-62A9-4DB5-AD7D-E9C25C07A431}.Release|Any CPU.ActiveCfg = Release|Any CPU
		{BF882D00-62A9-4DB5-AD7D-E9C25C07A431}.Release|Any CPU.Build.0 = Release|Any CPU
		{C39C4E59-20E4-45DD-8B87-CF18032A7A9E}.Debug|Any CPU.ActiveCfg = Debug|Any CPU
		{C39C4E59-20E4-45DD-8B87-CF18032A7A9E}.Debug|Any CPU.Build.0 = Debug|Any CPU
		{C39C4E59-20E4-45DD-8B87-CF18032A7A9E}.Release|Any CPU.ActiveCfg = Release|Any CPU
		{C39C4E59-20E4-45DD-8B87-CF18032A7A9E}.Release|Any CPU.Build.0 = Release|Any CPU
	EndGlobalSection
	GlobalSection(SolutionProperties) = preSolution
		HideSolutionNode = FALSE
	EndGlobalSection
	GlobalSection(ExtensibilityGlobals) = postSolution
		SolutionGuid = {192CC467-B88B-4502-9DF4-8AB00E7FACDD}
	EndGlobalSection
EndGlobal
